
Microsoft Visual Studio Solution File, Format Version 11.00
# Visual Studio 2010
Project("{FAE04EC0-301F-11D3-BF4B-00C04F79EFBC}") = "Assembly-CSharp", "Assembly-CSharp.csproj", "{dba8ae90-28c4-ddbe-1384-c51d42359ad7}"
EndProject
Project("{FAE04EC0-301F-11D3-BF4B-00C04F79EFBC}") = "Assembly-CSharp-Editor", "Assembly-CSharp-Editor.csproj", "{5bc72269-988e-506d-82fd-110332f53688}"
EndProject
Project("{FAE04EC0-301F-11D3-BF4B-00C04F79EFBC}") = "GoogleMobileAds.Editor", "GoogleMobileAds.Editor.csproj", "{32f5c1e6-2fa8-3584-7b23-5bbcbb54a63a}"
EndProject
Global
	GlobalSection(SolutionConfigurationPlatforms) = preSolution
		Debug|Any CPU = Debug|Any CPU
	EndGlobalSection
	GlobalSection(ProjectConfigurationPlatforms) = postSolution
		{dba8ae90-28c4-ddbe-1384-c51d42359ad7}.Debug|Any CPU.ActiveCfg = Debug|Any CPU
		{dba8ae90-28c4-ddbe-1384-c51d42359ad7}.Debug|Any CPU.Build.0 = Debug|Any CPU
		{5bc72269-988e-506d-82fd-110332f53688}.Debug|Any CPU.ActiveCfg = Debug|Any CPU
		{5bc72269-988e-506d-82fd-110332f53688}.Debug|Any CPU.Build.0 = Debug|Any CPU
		{32f5c1e6-2fa8-3584-7b23-5bbcbb54a63a}.Debug|Any CPU.ActiveCfg = Debug|Any CPU
		{32f5c1e6-2fa8-3584-7b23-5bbcbb54a63a}.Debug|Any CPU.Build.0 = Debug|Any CPU
	EndGlobalSection
	GlobalSection(SolutionProperties) = preSolution
		HideSolutionNode = FALSE
	EndGlobalSection
EndGlobal
